
Microsoft Visual Studio Solution File, Format Version 12.00
# Visual Studio 2013
VisualStudioVersion = 12.0.21005.1
MinimumVisualStudioVersion = 10.0.40219.1
Project("{FAE04EC0-301F-11D3-BF4B-00C04F79EFBC}") = "BookDB", "BookDB\BookDB.csproj", "{DEC672A9-58C7-4833-9C73-A7FD07490141}"
EndProject
Project("{FAE04EC0-301F-11D3-BF4B-00C04F79EFBC}") = "Book.API", "Book.API\Book.API.csproj", "{D35DF7AA-158A-49DA-8CB7-F47FC6FC05F2}"
EndProject
Global
	GlobalSection(SolutionConfigurationPlatforms) = preSolution
		Debug|Any CPU = Debug|Any CPU
		Release|Any CPU = Release|Any CPU
	EndGlobalSection
	GlobalSection(ProjectConfigurationPlatforms) = postSolution
		{DEC672A9-58C7-4833-9C73-A7FD07490141}.Debug|Any CPU.ActiveCfg = Debug|Any CPU
		{DEC672A9-58C7-4833-9C73-A7FD07490141}.Debug|Any CPU.Build.0 = Debug|Any CPU
		{DEC672A9-58C7-4833-9C73-A7FD07490141}.Release|Any CPU.ActiveCfg = Release|Any CPU
		{DEC672A9-58C7-4833-9C73-A7FD07490141}.Release|Any CPU.Build.0 = Release|Any CPU
		{D35DF7AA-158A-49DA-8CB7-F47FC6FC05F2}.Debug|Any CPU.ActiveCfg = Debug|Any CPU
		{D35DF7AA-158A-49DA-8CB7-F47FC6FC05F2}.Debug|Any CPU.Build.0 = Debug|Any CPU
		{D35DF7AA-158A-49DA-8CB7-F47FC6FC05F2}.Release|Any CPU.ActiveCfg = Release|Any CPU
		{D35DF7AA-158A-49DA-8CB7-F47FC6FC05F2}.Release|Any CPU.Build.0 = Release|Any CPU
	EndGlobalSection
	GlobalSection(SolutionProperties) = preSolution
		HideSolutionNode = FALSE
	EndGlobalSection
EndGlobal
